
Microsoft Visual Studio Solution File, Format Version 12.00
# Visual Studio Version 17
VisualStudioVersion = 17.9.34728.123
MinimumVisualStudioVersion = 10.0.40219.1
Project("{2150E333-8FDC-42A3-9474-1A3956D46DE8}") = "Services", "Services", "{D6A83784-83C6-42F4-BD88-FA5C65ED6548}"
EndProject
Project("{2150E333-8FDC-42A3-9474-1A3956D46DE8}") = "Catalog", "Catalog", "{00E42EEC-1A9B-41D1-A4BC-5C0921E46FBC}"
EndProject
Project("{9A19103F-16F7-4668-BE54-9A1E7A4F7556}") = "MultiShop.Catalog", "Services\Catalog\MultiShop.Catalog\MultiShop.Catalog.csproj", "{6CF807AC-7F98-443C-8FA1-B570AEDDCA9C}"
EndProject
Project("{2150E333-8FDC-42A3-9474-1A3956D46DE8}") = "Discount", "Discount", "{A166DB42-D62E-4230-B09E-E2053EEACDCB}"
EndProject
Project("{9A19103F-16F7-4668-BE54-9A1E7A4F7556}") = "MultiShop.Discount", "Services\Discount\MultiShop.Discount\MultiShop.Discount.csproj", "{1D5A7F5A-B61F-45DA-9281-0A10AA8BA32A}"
EndProject
Project("{2150E333-8FDC-42A3-9474-1A3956D46DE8}") = "Order", "Order", "{F1CBFD16-FD09-4966-AABF-18F6F85D00C0}"
EndProject
Project("{2150E333-8FDC-42A3-9474-1A3956D46DE8}") = "Core", "Core", "{9D2EE33B-C56B-4686-9244-C27F6E315598}"
EndProject
Project("{2150E333-8FDC-42A3-9474-1A3956D46DE8}") = "Infrastructure", "Infrastructure", "{6025D66C-03B3-42A2-BE97-1E4AE302D742}"
EndProject
Project("{2150E333-8FDC-42A3-9474-1A3956D46DE8}") = "Presentation", "Presentation", "{F8E20066-F17F-4C17-9E72-1192F23E77F4}"
EndProject
Project("{9A19103F-16F7-4668-BE54-9A1E7A4F7556}") = "MultiShop.Order.Domain", "Services\Order\Core\MultiShop.Order.Domain\MultiShop.Order.Domain.csproj", "{DDB5104F-9720-4AE4-84FE-1DF7A62266E7}"
EndProject
Project("{9A19103F-16F7-4668-BE54-9A1E7A4F7556}") = "MultiShop.Order.Application", "Services\Order\Core\MultiShop.Order.Application\MultiShop.Order.Application.csproj", "{A90E5D48-6E89-4A83-B5DE-64CB33A70CDC}"
EndProject
Project("{9A19103F-16F7-4668-BE54-9A1E7A4F7556}") = "MultiShop.Order.Persistence", "Services\Order\Infrastructure\MultiShop.Order.Persistence\MultiShop.Order.Persistence.csproj", "{9ED5A59A-49D2-42E1-A4AB-B07EF11936BB}"
EndProject
Project("{9A19103F-16F7-4668-BE54-9A1E7A4F7556}") = "MultiShop.Order.WebAPI", "Services\Order\Presentation\MultiShop.Order.WebAPI\MultiShop.Order.WebAPI.csproj", "{039E81DB-E0F7-4549-858A-48BF7AFD4970}"
EndProject
Project("{2150E333-8FDC-42A3-9474-1A3956D46DE8}") = "IdentityServer", "IdentityServer", "{CFD5E922-9D75-4196-99A7-A9B2B7D755E6}"
EndProject
Project("{9A19103F-16F7-4668-BE54-9A1E7A4F7556}") = "MultiShop.IdentityServer", "IdentityServer\MultiShop.IdentityServer\MultiShop.IdentityServer.csproj", "{7C5C1E06-8B67-4532-9AE0-848C2F832818}"
EndProject
Project("{2150E333-8FDC-42A3-9474-1A3956D46DE8}") = "Cargo", "Cargo", "{9EB78C1F-FD52-4889-8ABF-D3EF8D32AD4C}"
EndProject
Project("{9A19103F-16F7-4668-BE54-9A1E7A4F7556}") = "MultiShop.Cargo.EntityLayer", "Services\Cargo\MultiShop.Cargo.EntityLayer\MultiShop.Cargo.EntityLayer.csproj", "{94F4123C-1089-4D64-B307-1E611972B879}"
EndProject
Project("{9A19103F-16F7-4668-BE54-9A1E7A4F7556}") = "MultiShop.Cargo.BusinessLayer", "Services\Cargo\MultiShop.Cargo.BusinessLayer\MultiShop.Cargo.BusinessLayer.csproj", "{753F2466-47F3-4788-8C5C-121BA9DC487B}"
EndProject
Project("{9A19103F-16F7-4668-BE54-9A1E7A4F7556}") = "MultiShop.Cargo.DataAccessLayer", "Services\Cargo\MultiShop.Cargo.DataAccessLayer\MultiShop.Cargo.DataAccessLayer.csproj", "{B8CB3AF0-6374-4A6B-846F-589C213D426C}"
EndProject
Project("{9A19103F-16F7-4668-BE54-9A1E7A4F7556}") = "MultiShop.Cargo.DtoLayer", "Services\Cargo\MultiShop.Cargo.DtoLayer\MultiShop.Cargo.DtoLayer.csproj", "{874C5636-5AC6-46C3-85CA-BD3990C2EDBF}"
EndProject
Project("{9A19103F-16F7-4668-BE54-9A1E7A4F7556}") = "MultiShop.Cargo.WebAPI", "Services\Cargo\MultiShop.Cargo.WebAPI\MultiShop.Cargo.WebAPI.csproj", "{1D3641DD-55FA-4875-8FCE-E6AD30284866}"
EndProject
Project("{2150E333-8FDC-42A3-9474-1A3956D46DE8}") = "Basket", "Basket", "{55933E4E-B696-436D-81B1-E1D89AEEF1FA}"
EndProject
Project("{9A19103F-16F7-4668-BE54-9A1E7A4F7556}") = "MultiShop.Basket", "Services\Basket\MultiShop.Basket\MultiShop.Basket.csproj", "{6201760E-0EB1-4AC6-AEA7-9CC134E2FA76}"
EndProject
Project("{2150E333-8FDC-42A3-9474-1A3956D46DE8}") = "Frontends", "Frontends", "{FC0718B5-D9AA-43E5-A846-F001D3CFDDD2}"
EndProject
Project("{9A19103F-16F7-4668-BE54-9A1E7A4F7556}") = "MultiShop.WebUI", "Frontends\MultiShop.WebUI\MultiShop.WebUI.csproj", "{2BE6B6AE-AD9A-474B-9611-A082968A3459}"
EndProject
Project("{9A19103F-16F7-4668-BE54-9A1E7A4F7556}") = "MultiShop.DtoLayer", "Frontends\MultiShop.DtoLayer\MultiShop.DtoLayer.csproj", "{39EA13E5-2742-41A6-BE87-D7B7E6CF6F59}"
EndProject
Project("{2150E333-8FDC-42A3-9474-1A3956D46DE8}") = "Comment", "Comment", "{42CB0B19-B15B-4B7E-96C0-1B1BA0198D95}"
EndProject
Project("{9A19103F-16F7-4668-BE54-9A1E7A4F7556}") = "MultiShop.Comment", "Services\Comment\MultiShop.Comment\MultiShop.Comment.csproj", "{238721F7-C91C-438B-A0D7-0AAE6B31DE41}"
EndProject
Project("{2150E333-8FDC-42A3-9474-1A3956D46DE8}") = "ApiGateway", "ApiGateway", "{417293CD-18EE-4FB8-B0F3-6280FBB76706}"
EndProject
Project("{2150E333-8FDC-42A3-9474-1A3956D46DE8}") = "RapidApi", "RapidApi", "{6B6AC17F-7562-4AEB-839E-8C910F4BEF52}"
EndProject
Project("{9A19103F-16F7-4668-BE54-9A1E7A4F7556}") = "MultiShop.OcelotGateway", "ApiGateway\MultiShop.OcelotGateway\MultiShop.OcelotGateway.csproj", "{86D97A17-6E90-4FBB-81F7-6712137DE1A8}"
EndProject
Project("{2150E333-8FDC-42A3-9474-1A3956D46DE8}") = "Payment", "Payment", "{66F62F40-062C-4EAF-87B1-7B1E82D36F37}"
EndProject
Project("{9A19103F-16F7-4668-BE54-9A1E7A4F7556}") = "MultiShop.Payment", "Services\Payment\MultiShop.Payment\MultiShop.Payment.csproj", "{EC682D10-A33D-4A70-B5A4-011289C5DB0C}"
EndProject
Project("{2150E333-8FDC-42A3-9474-1A3956D46DE8}") = "Image", "Image", "{DC64C682-29D4-48C3-B11A-9787D47A319C}"
EndProject
Project("{9A19103F-16F7-4668-BE54-9A1E7A4F7556}") = "MultiShop.Image", "Services\Image\MultiShop.Image\MultiShop.Image.csproj", "{9E409645-7DF6-4E9B-9071-46BAB7CA3950}"
EndProject
Project("{2150E333-8FDC-42A3-9474-1A3956D46DE8}") = "Message", "Message", "{38F731D6-8761-47EA-9DE5-8869DC5273A1}"
EndProject
Project("{9A19103F-16F7-4668-BE54-9A1E7A4F7556}") = "MultiShop.Message", "Services\Message\MultiShop.Message\MultiShop.Message.csproj", "{96A54A58-AEA0-4AFB-86BA-FA0FF3329950}"
EndProject
Project("{2150E333-8FDC-42A3-9474-1A3956D46DE8}") = "SignalRRealTime", "SignalRRealTime", "{009A0197-37F7-49CB-82DB-65C315EDAF82}"
EndProject
Project("{9A19103F-16F7-4668-BE54-9A1E7A4F7556}") = "MultiShop.SignalRRealTimeApi", "Services\SignalRRealTime\MultiShop.SignalRRealTimeApi\MultiShop.SignalRRealTimeApi.csproj", "{1E067DAF-367D-4A92-8053-4FD374221B2B}"
EndProject
Project("{FAE04EC0-301F-11D3-BF4B-00C04F79EFBC}") = "MultiShop.Image.WebUI", "Services\Image\MultiShop.Image.WebUI\MultiShop.Image.WebUI.csproj", "{B3EFBFBF-82FB-4F8C-BFDD-AB3B5B0A68E4}"
EndProject
Project("{2150E333-8FDC-42A3-9474-1A3956D46DE8}") = "RabbitMQMessage", "RabbitMQMessage", "{E06FF5E1-8DC4-4BEC-B069-CD4627605139}"
EndProject
Project("{FAE04EC0-301F-11D3-BF4B-00C04F79EFBC}") = "MultiShop.RabbitMQMessageApi", "Services\RabbitMQMessage\MultiShop.RabbitMQMessageApi\MultiShop.RabbitMQMessageApi.csproj", "{724BDA84-20E9-41C4-9FCD-1C1280B3F0C5}"
EndProject
Global
	GlobalSection(SolutionConfigurationPlatforms) = preSolution
		Debug|Any CPU = Debug|Any CPU
		Release|Any CPU = Release|Any CPU
	EndGlobalSection
	GlobalSection(ProjectConfigurationPlatforms) = postSolution
		{6CF807AC-7F98-443C-8FA1-B570AEDDCA9C}.Debug|Any CPU.ActiveCfg = Debug|Any CPU
		{6CF807AC-7F98-443C-8FA1-B570AEDDCA9C}.Debug|Any CPU.Build.0 = Debug|Any CPU
		{6CF807AC-7F98-443C-8FA1-B570AEDDCA9C}.Release|Any CPU.ActiveCfg = Release|Any CPU
		{6CF807AC-7F98-443C-8FA1-B570AEDDCA9C}.Release|Any CPU.Build.0 = Release|Any CPU
		{1D5A7F5A-B61F-45DA-9281-0A10AA8BA32A}.Debug|Any CPU.ActiveCfg = Debug|Any CPU
		{1D5A7F5A-B61F-45DA-9281-0A10AA8BA32A}.Debug|Any CPU.Build.0 = Debug|Any CPU
		{1D5A7F5A-B61F-45DA-9281-0A10AA8BA32A}.Release|Any CPU.ActiveCfg = Release|Any CPU
		{1D5A7F5A-B61F-45DA-9281-0A10AA8BA32A}.Release|Any CPU.Build.0 = Release|Any CPU
		{DDB5104F-9720-4AE4-84FE-1DF7A62266E7}.Debug|Any CPU.ActiveCfg = Debug|Any CPU
		{DDB5104F-9720-4AE4-84FE-1DF7A62266E7}.Debug|Any CPU.Build.0 = Debug|Any CPU
		{DDB5104F-9720-4AE4-84FE-1DF7A62266E7}.Release|Any CPU.ActiveCfg = Release|Any CPU
		{DDB5104F-9720-4AE4-84FE-1DF7A62266E7}.Release|Any CPU.Build.0 = Release|Any CPU
		{A90E5D48-6E89-4A83-B5DE-64CB33A70CDC}.Debug|Any CPU.ActiveCfg = Debug|Any CPU
		{A90E5D48-6E89-4A83-B5DE-64CB33A70CDC}.Debug|Any CPU.Build.0 = Debug|Any CPU
		{A90E5D48-6E89-4A83-B5DE-64CB33A70CDC}.Release|Any CPU.ActiveCfg = Release|Any CPU
		{A90E5D48-6E89-4A83-B5DE-64CB33A70CDC}.Release|Any CPU.Build.0 = Release|Any CPU
		{9ED5A59A-49D2-42E1-A4AB-B07EF11936BB}.Debug|Any CPU.ActiveCfg = Debug|Any CPU
		{9ED5A59A-49D2-42E1-A4AB-B07EF11936BB}.Debug|Any CPU.Build.0 = Debug|Any CPU
		{9ED5A59A-49D2-42E1-A4AB-B07EF11936BB}.Release|Any CPU.ActiveCfg = Release|Any CPU
		{9ED5A59A-49D2-42E1-A4AB-B07EF11936BB}.Release|Any CPU.Build.0 = Release|Any CPU
		{039E81DB-E0F7-4549-858A-48BF7AFD4970}.Debug|Any CPU.ActiveCfg = Debug|Any CPU
		{039E81DB-E0F7-4549-858A-48BF7AFD4970}.Debug|Any CPU.Build.0 = Debug|Any CPU
		{039E81DB-E0F7-4549-858A-48BF7AFD4970}.Release|Any CPU.ActiveCfg = Release|Any CPU
		{039E81DB-E0F7-4549-858A-48BF7AFD4970}.Release|Any CPU.Build.0 = Release|Any CPU
		{7C5C1E06-8B67-4532-9AE0-848C2F832818}.Debug|Any CPU.ActiveCfg = Debug|Any CPU
		{7C5C1E06-8B67-4532-9AE0-848C2F832818}.Debug|Any CPU.Build.0 = Debug|Any CPU
		{7C5C1E06-8B67-4532-9AE0-848C2F832818}.Release|Any CPU.ActiveCfg = Release|Any CPU
		{7C5C1E06-8B67-4532-9AE0-848C2F832818}.Release|Any CPU.Build.0 = Release|Any CPU
		{94F4123C-1089-4D64-B307-1E611972B879}.Debug|Any CPU.ActiveCfg = Debug|Any CPU
		{94F4123C-1089-4D64-B307-1E611972B879}.Debug|Any CPU.Build.0 = Debug|Any CPU
		{94F4123C-1089-4D64-B307-1E611972B879}.Release|Any CPU.ActiveCfg = Release|Any CPU
		{94F4123C-1089-4D64-B307-1E611972B879}.Release|Any CPU.Build.0 = Release|Any CPU
		{753F2466-47F3-4788-8C5C-121BA9DC487B}.Debug|Any CPU.ActiveCfg = Debug|Any CPU
		{753F2466-47F3-4788-8C5C-121BA9DC487B}.Debug|Any CPU.Build.0 = Debug|Any CPU
		{753F2466-47F3-4788-8C5C-121BA9DC487B}.Release|Any CPU.ActiveCfg = Release|Any CPU
		{753F2466-47F3-4788-8C5C-121BA9DC487B}.Release|Any CPU.Build.0 = Release|Any CPU
		{B8CB3AF0-6374-4A6B-846F-589C213D426C}.Debug|Any CPU.ActiveCfg = Debug|Any CPU
		{B8CB3AF0-6374-4A6B-846F-589C213D426C}.Debug|Any CPU.Build.0 = Debug|Any CPU
		{B8CB3AF0-6374-4A6B-846F-589C213D426C}.Release|Any CPU.ActiveCfg = Release|Any CPU
		{B8CB3AF0-6374-4A6B-846F-589C213D426C}.Release|Any CPU.Build.0 = Release|Any CPU
		{874C5636-5AC6-46C3-85CA-BD3990C2EDBF}.Debug|Any CPU.ActiveCfg = Debug|Any CPU
		{874C5636-5AC6-46C3-85CA-BD3990C2EDBF}.Debug|Any CPU.Build.0 = Debug|Any CPU
		{874C5636-5AC6-46C3-85CA-BD3990C2EDBF}.Release|Any CPU.ActiveCfg = Release|Any CPU
		{874C5636-5AC6-46C3-85CA-BD3990C2EDBF}.Release|Any CPU.Build.0 = Release|Any CPU
		{1D3641DD-55FA-4875-8FCE-E6AD30284866}.Debug|Any CPU.ActiveCfg = Debug|Any CPU
		{1D3641DD-55FA-4875-8FCE-E6AD30284866}.Debug|Any CPU.Build.0 = Debug|Any CPU
		{1D3641DD-55FA-4875-8FCE-E6AD30284866}.Release|Any CPU.ActiveCfg = Release|Any CPU
		{1D3641DD-55FA-4875-8FCE-E6AD30284866}.Release|Any CPU.Build.0 = Release|Any CPU
		{6201760E-0EB1-4AC6-AEA7-9CC134E2FA76}.Debug|Any CPU.ActiveCfg = Debug|Any CPU
		{6201760E-0EB1-4AC6-AEA7-9CC134E2FA76}.Debug|Any CPU.Build.0 = Debug|Any CPU
		{6201760E-0EB1-4AC6-AEA7-9CC134E2FA76}.Release|Any CPU.ActiveCfg = Release|Any CPU
		{6201760E-0EB1-4AC6-AEA7-9CC134E2FA76}.Release|Any CPU.Build.0 = Release|Any CPU
		{2BE6B6AE-AD9A-474B-9611-A082968A3459}.Debug|Any CPU.ActiveCfg = Debug|Any CPU
		{2BE6B6AE-AD9A-474B-9611-A082968A3459}.Debug|Any CPU.Build.0 = Debug|Any CPU
		{2BE6B6AE-AD9A-474B-9611-A082968A3459}.Release|Any CPU.ActiveCfg = Release|Any CPU
		{2BE6B6AE-AD9A-474B-9611-A082968A3459}.Release|Any CPU.Build.0 = Release|Any CPU
		{39EA13E5-2742-41A6-BE87-D7B7E6CF6F59}.Debug|Any CPU.ActiveCfg = Debug|Any CPU
		{39EA13E5-2742-41A6-BE87-D7B7E6CF6F59}.Debug|Any CPU.Build.0 = Debug|Any CPU
		{39EA13E5-2742-41A6-BE87-D7B7E6CF6F59}.Release|Any CPU.ActiveCfg = Release|Any CPU
		{39EA13E5-2742-41A6-BE87-D7B7E6CF6F59}.Release|Any CPU.Build.0 = Release|Any CPU
		{238721F7-C91C-438B-A0D7-0AAE6B31DE41}.Debug|Any CPU.ActiveCfg = Debug|Any CPU
		{238721F7-C91C-438B-A0D7-0AAE6B31DE41}.Debug|Any CPU.Build.0 = Debug|Any CPU
		{238721F7-C91C-438B-A0D7-0AAE6B31DE41}.Release|Any CPU.ActiveCfg = Release|Any CPU
		{238721F7-C91C-438B-A0D7-0AAE6B31DE41}.Release|Any CPU.Build.0 = Release|Any CPU
		{86D97A17-6E90-4FBB-81F7-6712137DE1A8}.Debug|Any CPU.ActiveCfg = Debug|Any CPU
		{86D97A17-6E90-4FBB-81F7-6712137DE1A8}.Debug|Any CPU.Build.0 = Debug|Any CPU
		{86D97A17-6E90-4FBB-81F7-6712137DE1A8}.Release|Any CPU.ActiveCfg = Release|Any CPU
		{86D97A17-6E90-4FBB-81F7-6712137DE1A8}.Release|Any CPU.Build.0 = Release|Any CPU
		{EC682D10-A33D-4A70-B5A4-011289C5DB0C}.Debug|Any CPU.ActiveCfg = Debug|Any CPU
		{EC682D10-A33D-4A70-B5A4-011289C5DB0C}.Debug|Any CPU.Build.0 = Debug|Any CPU
		{EC682D10-A33D-4A70-B5A4-011289C5DB0C}.Release|Any CPU.ActiveCfg = Release|Any CPU
		{EC682D10-A33D-4A70-B5A4-011289C5DB0C}.Release|Any CPU.Build.0 = Release|Any CPU
		{9E409645-7DF6-4E9B-9071-46BAB7CA3950}.Debug|Any CPU.ActiveCfg = Debug|Any CPU
		{9E409645-7DF6-4E9B-9071-46BAB7CA3950}.Debug|Any CPU.Build.0 = Debug|Any CPU
		{9E409645-7DF6-4E9B-9071-46BAB7CA3950}.Release|Any CPU.ActiveCfg = Release|Any CPU
		{9E409645-7DF6-4E9B-9071-46BAB7CA3950}.Release|Any CPU.Build.0 = Release|Any CPU
		{96A54A58-AEA0-4AFB-86BA-FA0FF3329950}.Debug|Any CPU.ActiveCfg = Debug|Any CPU
		{96A54A58-AEA0-4AFB-86BA-FA0FF3329950}.Debug|Any CPU.Build.0 = Debug|Any CPU
		{96A54A58-AEA0-4AFB-86BA-FA0FF3329950}.Release|Any CPU.ActiveCfg = Release|Any CPU
		{96A54A58-AEA0-4AFB-86BA-FA0FF3329950}.Release|Any CPU.Build.0 = Release|Any CPU
		{1E067DAF-367D-4A92-8053-4FD374221B2B}.Debug|Any CPU.ActiveCfg = Debug|Any CPU
		{1E067DAF-367D-4A92-8053-4FD374221B2B}.Debug|Any CPU.Build.0 = Debug|Any CPU
		{1E067DAF-367D-4A92-8053-4FD374221B2B}.Release|Any CPU.ActiveCfg = Release|Any CPU
		{1E067DAF-367D-4A92-8053-4FD374221B2B}.Release|Any CPU.Build.0 = Release|Any CPU
		{B3EFBFBF-82FB-4F8C-BFDD-AB3B5B0A68E4}.Debug|Any CPU.ActiveCfg = Debug|Any CPU
		{B3EFBFBF-82FB-4F8C-BFDD-AB3B5B0A68E4}.Debug|Any CPU.Build.0 = Debug|Any CPU
		{B3EFBFBF-82FB-4F8C-BFDD-AB3B5B0A68E4}.Release|Any CPU.ActiveCfg = Release|Any CPU
		{B3EFBFBF-82FB-4F8C-BFDD-AB3B5B0A68E4}.Release|Any CPU.Build.0 = Release|Any CPU
		{724BDA84-20E9-41C4-9FCD-1C1280B3F0C5}.Debug|Any CPU.ActiveCfg = Debug|Any CPU
		{724BDA84-20E9-41C4-9FCD-1C1280B3F0C5}.Debug|Any CPU.Build.0 = Debug|Any CPU
		{724BDA84-20E9-41C4-9FCD-1C1280B3F0C5}.Release|Any CPU.ActiveCfg = Release|Any CPU
		{724BDA84-20E9-41C4-9FCD-1C1280B3F0C5}.Release|Any CPU.Build.0 = Release|Any CPU
	EndGlobalSection
	GlobalSection(SolutionProperties) = preSolution
		HideSolutionNode = FALSE
	EndGlobalSection
	GlobalSection(NestedProjects) = preSolution
		{00E42EEC-1A9B-41D1-A4BC-5C0921E46FBC} = {D6A83784-83C6-42F4-BD88-FA5C65ED6548}
		{6CF807AC-7F98-443C-8FA1-B570AEDDCA9C} = {00E42EEC-1A9B-41D1-A4BC-5C0921E46FBC}
		{A166DB42-D62E-4230-B09E-E2053EEACDCB} = {D6A83784-83C6-42F4-BD88-FA5C65ED6548}
		{1D5A7F5A-B61F-45DA-9281-0A10AA8BA32A} = {A166DB42-D62E-4230-B09E-E2053EEACDCB}
		{F1CBFD16-FD09-4966-AABF-18F6F85D00C0} = {D6A83784-83C6-42F4-BD88-FA5C65ED6548}
		{9D2EE33B-C56B-4686-9244-C27F6E315598} = {F1CBFD16-FD09-4966-AABF-18F6F85D00C0}
		{6025D66C-03B3-42A2-BE97-1E4AE302D742} = {F1CBFD16-FD09-4966-AABF-18F6F85D00C0}
		{F8E20066-F17F-4C17-9E72-1192F23E77F4} = {F1CBFD16-FD09-4966-AABF-18F6F85D00C0}
		{DDB5104F-9720-4AE4-84FE-1DF7A62266E7} = {9D2EE33B-C56B-4686-9244-C27F6E315598}
		{A90E5D48-6E89-4A83-B5DE-64CB33A70CDC} = {9D2EE33B-C56B-4686-9244-C27F6E315598}
		{9ED5A59A-49D2-42E1-A4AB-B07EF11936BB} = {6025D66C-03B3-42A2-BE97-1E4AE302D742}
		{039E81DB-E0F7-4549-858A-48BF7AFD4970} = {F8E20066-F17F-4C17-9E72-1192F23E77F4}
		{7C5C1E06-8B67-4532-9AE0-848C2F832818} = {CFD5E922-9D75-4196-99A7-A9B2B7D755E6}
		{9EB78C1F-FD52-4889-8ABF-D3EF8D32AD4C} = {D6A83784-83C6-42F4-BD88-FA5C65ED6548}
		{94F4123C-1089-4D64-B307-1E611972B879} = {9EB78C1F-FD52-4889-8ABF-D3EF8D32AD4C}
		{753F2466-47F3-4788-8C5C-121BA9DC487B} = {9EB78C1F-FD52-4889-8ABF-D3EF8D32AD4C}
		{B8CB3AF0-6374-4A6B-846F-589C213D426C} = {9EB78C1F-FD52-4889-8ABF-D3EF8D32AD4C}
		{874C5636-5AC6-46C3-85CA-BD3990C2EDBF} = {9EB78C1F-FD52-4889-8ABF-D3EF8D32AD4C}
		{1D3641DD-55FA-4875-8FCE-E6AD30284866} = {9EB78C1F-FD52-4889-8ABF-D3EF8D32AD4C}
		{55933E4E-B696-436D-81B1-E1D89AEEF1FA} = {D6A83784-83C6-42F4-BD88-FA5C65ED6548}
		{6201760E-0EB1-4AC6-AEA7-9CC134E2FA76} = {55933E4E-B696-436D-81B1-E1D89AEEF1FA}
		{2BE6B6AE-AD9A-474B-9611-A082968A3459} = {FC0718B5-D9AA-43E5-A846-F001D3CFDDD2}
		{39EA13E5-2742-41A6-BE87-D7B7E6CF6F59} = {FC0718B5-D9AA-43E5-A846-F001D3CFDDD2}
		{42CB0B19-B15B-4B7E-96C0-1B1BA0198D95} = {D6A83784-83C6-42F4-BD88-FA5C65ED6548}
		{238721F7-C91C-438B-A0D7-0AAE6B31DE41} = {42CB0B19-B15B-4B7E-96C0-1B1BA0198D95}
		{86D97A17-6E90-4FBB-81F7-6712137DE1A8} = {417293CD-18EE-4FB8-B0F3-6280FBB76706}
		{66F62F40-062C-4EAF-87B1-7B1E82D36F37} = {D6A83784-83C6-42F4-BD88-FA5C65ED6548}
		{EC682D10-A33D-4A70-B5A4-011289C5DB0C} = {66F62F40-062C-4EAF-87B1-7B1E82D36F37}
		{DC64C682-29D4-48C3-B11A-9787D47A319C} = {D6A83784-83C6-42F4-BD88-FA5C65ED6548}
		{9E409645-7DF6-4E9B-9071-46BAB7CA3950} = {DC64C682-29D4-48C3-B11A-9787D47A319C}
		{38F731D6-8761-47EA-9DE5-8869DC5273A1} = {D6A83784-83C6-42F4-BD88-FA5C65ED6548}
		{96A54A58-AEA0-4AFB-86BA-FA0FF3329950} = {38F731D6-8761-47EA-9DE5-8869DC5273A1}
		{009A0197-37F7-49CB-82DB-65C315EDAF82} = {D6A83784-83C6-42F4-BD88-FA5C65ED6548}
		{1E067DAF-367D-4A92-8053-4FD374221B2B} = {009A0197-37F7-49CB-82DB-65C315EDAF82}
		{B3EFBFBF-82FB-4F8C-BFDD-AB3B5B0A68E4} = {DC64C682-29D4-48C3-B11A-9787D47A319C}
		{E06FF5E1-8DC4-4BEC-B069-CD4627605139} = {D6A83784-83C6-42F4-BD88-FA5C65ED6548}
		{724BDA84-20E9-41C4-9FCD-1C1280B3F0C5} = {E06FF5E1-8DC4-4BEC-B069-CD4627605139}
	EndGlobalSection
	GlobalSection(ExtensibilityGlobals) = postSolution
		SolutionGuid = {749363A9-7F28-4D75-BE2D-027168A62E2F}
	EndGlobalSection
EndGlobal
